
Microsoft Visual Studio Solution File, Format Version 12.00
# Visual Studio Version 16
VisualStudioVersion = 16.0.29009.5
MinimumVisualStudioVersion = 10.0.40219.1
Project("{FAE04EC0-301F-11D3-BF4B-00C04F79EFBC}") = "Scrum_GTD_ToDo.Android", "Scrum_GTD_ToDo\Scrum_GTD_ToDo.Android\Scrum_GTD_ToDo.Android.csproj", "{6D58F0D0-B079-4ACE-9ABA-0CFF5AE548B7}"
EndProject
Project("{FAE04EC0-301F-11D3-BF4B-00C04F79EFBC}") = "Scrum_GTD_ToDo.iOS", "Scrum_GTD_ToDo\Scrum_GTD_ToDo.iOS\Scrum_GTD_ToDo.iOS.csproj", "{6E509613-0E93-4FEB-8C8B-A1D6ED63CB02}"
EndProject
Project("{FAE04EC0-301F-11D3-BF4B-00C04F79EFBC}") = "Scrum_GTD_ToDo", "Scrum_GTD_ToDo\Scrum_GTD_ToDo\Scrum_GTD_ToDo.csproj", "{AB4CB47A-C9D2-4DDB-8A5B-8686D77496B4}"
EndProject
Global
	GlobalSection(SolutionConfigurationPlatforms) = preSolution
		Debug|Any CPU = Debug|Any CPU
		Debug|iPhone = Debug|iPhone
		Debug|iPhoneSimulator = Debug|iPhoneSimulator
		Release|Any CPU = Release|Any CPU
		Release|iPhone = Release|iPhone
		Release|iPhoneSimulator = Release|iPhoneSimulator
	EndGlobalSection
	GlobalSection(ProjectConfigurationPlatforms) = postSolution
		{6D58F0D0-B079-4ACE-9ABA-0CFF5AE548B7}.Debug|Any CPU.ActiveCfg = Debug|Any CPU
		{6D58F0D0-B079-4ACE-9ABA-0CFF5AE548B7}.Debug|Any CPU.Build.0 = Debug|Any CPU
		{6D58F0D0-B079-4ACE-9ABA-0CFF5AE548B7}.Debug|Any CPU.Deploy.0 = Debug|Any CPU
		{6D58F0D0-B079-4ACE-9ABA-0CFF5AE548B7}.Debug|iPhone.ActiveCfg = Debug|Any CPU
		{6D58F0D0-B079-4ACE-9ABA-0CFF5AE548B7}.Debug|iPhone.Build.0 = Debug|Any CPU
		{6D58F0D0-B079-4ACE-9ABA-0CFF5AE548B7}.Debug|iPhone.Deploy.0 = Debug|Any CPU
		{6D58F0D0-B079-4ACE-9ABA-0CFF5AE548B7}.Debug|iPhoneSimulator.ActiveCfg = Debug|Any CPU
		{6D58F0D0-B079-4ACE-9ABA-0CFF5AE548B7}.Debug|iPhoneSimulator.Build.0 = Debug|Any CPU
		{6D58F0D0-B079-4ACE-9ABA-0CFF5AE548B7}.Debug|iPhoneSimulator.Deploy.0 = Debug|Any CPU
		{6D58F0D0-B079-4ACE-9ABA-0CFF5AE548B7}.Release|Any CPU.ActiveCfg = Release|Any CPU
		{6D58F0D0-B079-4ACE-9ABA-0CFF5AE548B7}.Release|Any CPU.Build.0 = Release|Any CPU
		{6D58F0D0-B079-4ACE-9ABA-0CFF5AE548B7}.Release|Any CPU.Deploy.0 = Release|Any CPU
		{6D58F0D0-B079-4ACE-9ABA-0CFF5AE548B7}.Release|iPhone.ActiveCfg = Release|Any CPU
		{6D58F0D0-B079-4ACE-9ABA-0CFF5AE548B7}.Release|iPhone.Build.0 = Release|Any CPU
		{6D58F0D0-B079-4ACE-9ABA-0CFF5AE548B7}.Release|iPhone.Deploy.0 = Release|Any CPU
		{6D58F0D0-B079-4ACE-9ABA-0CFF5AE548B7}.Release|iPhoneSimulator.ActiveCfg = Release|Any CPU
		{6D58F0D0-B079-4ACE-9ABA-0CFF5AE548B7}.Release|iPhoneSimulator.Build.0 = Release|Any CPU
		{6D58F0D0-B079-4ACE-9ABA-0CFF5AE548B7}.Release|iPhoneSimulator.Deploy.0 = Release|Any CPU
		{6E509613-0E93-4FEB-8C8B-A1D6ED63CB02}.Debug|Any CPU.ActiveCfg = Debug|iPhoneSimulator
		{6E509613-0E93-4FEB-8C8B-A1D6ED63CB02}.Debug|Any CPU.Build.0 = Debug|iPhoneSimulator
		{6E509613-0E93-4FEB-8C8B-A1D6ED63CB02}.Debug|Any CPU.Deploy.0 = Debug|iPhoneSimulator
		{6E509613-0E93-4FEB-8C8B-A1D6ED63CB02}.Debug|iPhone.ActiveCfg = Debug|iPhone
		{6E509613-0E93-4FEB-8C8B-A1D6ED63CB02}.Debug|iPhone.Build.0 = Debug|iPhone
		{6E509613-0E93-4FEB-8C8B-A1D6ED63CB02}.Debug|iPhone.Deploy.0 = Debug|iPhone
		{6E509613-0E93-4FEB-8C8B-A1D6ED63CB02}.Debug|iPhoneSimulator.ActiveCfg = Debug|iPhoneSimulator
		{6E509613-0E93-4FEB-8C8B-A1D6ED63CB02}.Debug|iPhoneSimulator.Build.0 = Debug|iPhoneSimulator
		{6E509613-0E93-4FEB-8C8B-A1D6ED63CB02}.Debug|iPhoneSimulator.Deploy.0 = Debug|iPhoneSimulator
		{6E509613-0E93-4FEB-8C8B-A1D6ED63CB02}.Release|Any CPU.ActiveCfg = Release|iPhone
		{6E509613-0E93-4FEB-8C8B-A1D6ED63CB02}.Release|Any CPU.Build.0 = Release|iPhone
		{6E509613-0E93-4FEB-8C8B-A1D6ED63CB02}.Release|Any CPU.Deploy.0 = Release|iPhone
		{6E509613-0E93-4FEB-8C8B-A1D6ED63CB02}.Release|iPhone.ActiveCfg = Release|iPhone
		{6E509613-0E93-4FEB-8C8B-A1D6ED63CB02}.Release|iPhone.Build.0 = Release|iPhone
		{6E509613-0E93-4FEB-8C8B-A1D6ED63CB02}.Release|iPhone.Deploy.0 = Release|iPhone
		{6E509613-0E93-4FEB-8C8B-A1D6ED63CB02}.Release|iPhoneSimulator.ActiveCfg = Release|iPhoneSimulator
		{6E509613-0E93-4FEB-8C8B-A1D6ED63CB02}.Release|iPhoneSimulator.Build.0 = Release|iPhoneSimulator
		{6E509613-0E93-4FEB-8C8B-A1D6ED63CB02}.Release|iPhoneSimulator.Deploy.0 = Release|iPhoneSimulator
		{AB4CB47A-C9D2-4DDB-8A5B-8686D77496B4}.Debug|Any CPU.ActiveCfg = Debug|Any CPU
		{AB4CB47A-C9D2-4DDB-8A5B-8686D77496B4}.Debug|Any CPU.Build.0 = Debug|Any CPU
		{AB4CB47A-C9D2-4DDB-8A5B-8686D77496B4}.Debug|Any CPU.Deploy.0 = Debug|Any CPU
		{AB4CB47A-C9D2-4DDB-8A5B-8686D77496B4}.Debug|iPhone.ActiveCfg = Debug|Any CPU
		{AB4CB47A-C9D2-4DDB-8A5B-8686D77496B4}.Debug|iPhone.Build.0 = Debug|Any CPU
		{AB4CB47A-C9D2-4DDB-8A5B-8686D77496B4}.Debug|iPhone.Deploy.0 = Debug|Any CPU
		{AB4CB47A-C9D2-4DDB-8A5B-8686D77496B4}.Debug|iPhoneSimulator.ActiveCfg = Debug|Any CPU
		{AB4CB47A-C9D2-4DDB-8A5B-8686D77496B4}.Debug|iPhoneSimulator.Build.0 = Debug|Any CPU
		{AB4CB47A-C9D2-4DDB-8A5B-8686D77496B4}.Debug|iPhoneSimulator.Deploy.0 = Debug|Any CPU
		{AB4CB47A-C9D2-4DDB-8A5B-8686D77496B4}.Release|Any CPU.ActiveCfg = Release|Any CPU
		{AB4CB47A-C9D2-4DDB-8A5B-8686D77496B4}.Release|Any CPU.Build.0 = Release|Any CPU
		{AB4CB47A-C9D2-4DDB-8A5B-8686D77496B4}.Release|Any CPU.Deploy.0 = Release|Any CPU
		{AB4CB47A-C9D2-4DDB-8A5B-8686D77496B4}.Release|iPhone.ActiveCfg = Release|Any CPU
		{AB4CB47A-C9D2-4DDB-8A5B-8686D77496B4}.Release|iPhone.Build.0 = Release|Any CPU
		{AB4CB47A-C9D2-4DDB-8A5B-8686D77496B4}.Release|iPhone.Deploy.0 = Release|Any CPU
		{AB4CB47A-C9D2-4DDB-8A5B-8686D77496B4}.Release|iPhoneSimulator.ActiveCfg = Release|Any CPU
		{AB4CB47A-C9D2-4DDB-8A5B-8686D77496B4}.Release|iPhoneSimulator.Build.0 = Release|Any CPU
		{AB4CB47A-C9D2-4DDB-8A5B-8686D77496B4}.Release|iPhoneSimulator.Deploy.0 = Release|Any CPU
	EndGlobalSection
	GlobalSection(SolutionProperties) = preSolution
		HideSolutionNode = FALSE
	EndGlobalSection
	GlobalSection(ExtensibilityGlobals) = postSolution
		SolutionGuid = {7E7FF563-60DD-4AF4-BA57-A3B1AA6B4323}
	EndGlobalSection
EndGlobal
